schema: '2.0'
stages:
  ingest:
    cmd: conda run -n FinQA_v4 python -m src.components.data_ingestion
    outs:
    - path: data/raw/agnews.csv
      hash: md5
      md5: ec11424b461a90d7dcadab9ec8f34427
      size: 29044928
  train:
    cmd: conda run -n FinQA_v4 python -m src.pipeline.training_pipeline
    deps:
    - path: data/raw/agnews.csv
      hash: md5
      md5: ec11424b461a90d7dcadab9ec8f34427
      size: 29044928
    - path: src/
      hash: md5
      md5: 3bfa0476e98e29fe54c1aa7a889b111c.dir
      size: 27980
      nfiles: 13
    outs:
    - path: artifacts/
      hash: md5
      md5: abed74a7b3ca1d7bbb0cb5410e6b2b1f.dir
      size: 38300
      nfiles: 2
    - path: models/
      hash: md5
      md5: 996e2f7b213e6aea0010256c45cac13f.dir
      size: 2802801
      nfiles: 2
